PODS:
  - Clayground (0.0.1)
  - Swinject (2.7.1)

DEPENDENCIES:
  - Clayground (from `../../shared/`)
  - Swinject

SPEC REPOS:
  trunk:
    - Swinject

EXTERNAL SOURCES:
  Clayground:
    :path: "../../shared/"

SPEC CHECKSUMS:
  Clayground: c2ef06000aaf8688c32a466edc35850aeb2d745c
  Swinject: ddf78b8486dd9b71a667b852cad919ab4484478e

PODFILE CHECKSUM: e427c316f9f4e0f93a8298545efe009d30e775f3

COCOAPODS: 1.10.1
