PODS:
  - shared (1.0)
  - Swinject (2.7.1)

DEPENDENCIES:
  - shared (from `../shared/`)
  - Swinject

SPEC REPOS:
  trunk:
    - Swinject

EXTERNAL SOURCES:
  shared:
    :path: "../shared/"

SPEC CHECKSUMS:
  shared: 624d294af6fa114c0087dfffb4b0ae3182ed2719
  Swinject: ddf78b8486dd9b71a667b852cad919ab4484478e

PODFILE CHECKSUM: 2232d07f699169bdf3aeb5820a3374d473225d8e

COCOAPODS: 1.10.1
