// !$*UTF8*$!
{
	archiveVersion = 1;
	classes = {
	};
	objectVersion = 51;
	objects = {

/* Begin PBXBuildFile section */
		3D0A1B7025FE32BD00B4A2FE /* clayground_iosApp.swift in Sources */ = {isa = PBXBuildFile; fileRef = 3D0A1B6F25FE32BD00B4A2FE /* clayground_iosApp.swift */; };
		3D0A1B7425FE32BE00B4A2FE /* Assets.xcassets in Resources */ = {isa = PBXBuildFile; fileRef = 3D0A1B7325FE32BE00B4A2FE /* Assets.xcassets */; };
		3D0A1B7725FE32BE00B4A2FE /* Preview Assets.xcassets in Resources */ = {isa = PBXBuildFile; fileRef = 3D0A1B7625FE32BE00B4A2FE /* Preview Assets.xcassets */; };
		3D0A1B8225FE32BE00B4A2FE /* clayground_iosTests.swift in Sources */ = {isa = PBXBuildFile; fileRef = 3D0A1B8125FE32BE00B4A2FE /* clayground_iosTests.swift */; };
		3D0A1B8D25FE32BF00B4A2FE /* clayground_iosUITests.swift in Sources */ = {isa = PBXBuildFile; fileRef = 3D0A1B8C25FE32BF00B4A2FE /* clayground_iosUITests.swift */; };
		3DB1B90E26052C1D009B5DAB /* MovieDetailView.swift in Sources */ = {isa = PBXBuildFile; fileRef = 3DB1B90D26052C1D009B5DAB /* MovieDetailView.swift */; };
		3DB46FA826067FBD000F6240 /* LoaderView.swift in Sources */ = {isa = PBXBuildFile; fileRef = 3DB46FA726067FBD000F6240 /* LoaderView.swift */; };
		79EB0BB2685D0070F6C5920C /* Pods_clayground_iosTests.framework in Frameworks */ = {isa = PBXBuildFile; fileRef = 35C02270D5198EB6DD946335 /* Pods_clayground_iosTests.framework */; };
		891F504002324E7008A915E1 /* Pods_clayground_ios.framework in Frameworks */ = {isa = PBXBuildFile; fileRef = 4A77B448838AE4DE5A68D9C9 /* Pods_clayground_ios.framework */; };
		C95A1EC7B9192745C4113C56 /* Pods_clayground_ios_clayground_iosUITests.framework in Frameworks */ = {isa = PBXBuildFile; fileRef = E72EFAD5A3953C443971FBC5 /* Pods_clayground_ios_clayground_iosUITests.framework */; };
/* End PBXBuildFile section */

/* Begin PBXContainerItemProxy section */
		3D0A1B7E25FE32BE00B4A2FE /* PBXContainerItemProxy */ = {
			isa = PBXContainerItemProxy;
			containerPortal = 3D0A1B6425FE32BD00B4A2FE /* Project object */;
			proxyType = 1;
			remoteGlobalIDString = 3D0A1B6B25FE32BD00B4A2FE;
			remoteInfo = "clayground-ios";
		};
		3D0A1B8925FE32BF00B4A2FE /* PBXContainerItemProxy */ = {
			isa = PBXContainerItemProxy;
			containerPortal = 3D0A1B6425FE32BD00B4A2FE /* Project object */;
			proxyType = 1;
			remoteGlobalIDString = 3D0A1B6B25FE32BD00B4A2FE;
			remoteInfo = "clayground-ios";
		};
/* End PBXContainerItemProxy section */

/* Begin PBXFileReference section */
		35C02270D5198EB6DD946335 /* Pods_clayground_iosTests.framework */ = {isa = PBXFileReference; explicitFileType = wrapper.framework; includeInIndex = 0; path = Pods_clayground_iosTests.framework; sourceTree = BUILT_PRODUCTS_DIR; };
		3D0A1B6C25FE32BD00B4A2FE /* clayground-ios.app */ = {isa = PBXFileReference; explicitFileType = wrapper.application; includeInIndex = 0; path = "clayground-ios.app"; sourceTree = BUILT_PRODUCTS_DIR; };
		3D0A1B6F25FE32BD00B4A2FE /* clayground_iosApp.swift */ = {isa = PBXFileReference; lastKnownFileType = sourcecode.swift; path = clayground_iosApp.swift; sourceTree = "<group>"; };
		3D0A1B7325FE32BE00B4A2FE /* Assets.xcassets */ = {isa = PBXFileReference; lastKnownFileType = folder.assetcatalog; path = Assets.xcassets; sourceTree = "<group>"; };
		3D0A1B7625FE32BE00B4A2FE /* Preview Assets.xcassets */ = {isa = PBXFileReference; lastKnownFileType = folder.assetcatalog; path = "Preview Assets.xcassets"; sourceTree = "<group>"; };
		3D0A1B7825FE32BE00B4A2FE /* Info.plist */ = {isa = PBXFileReference; lastKnownFileType = text.plist.xml; path = Info.plist; sourceTree = "<group>"; };
		3D0A1B7D25FE32BE00B4A2FE /* clayground-iosTests.xctest */ = {isa = PBXFileReference; explicitFileType = wrapper.cfbundle; includeInIndex = 0; path = "clayground-iosTests.xctest"; sourceTree = BUILT_PRODUCTS_DIR; };
		3D0A1B8125FE32BE00B4A2FE /* clayground_iosTests.swift */ = {isa = PBXFileReference; lastKnownFileType = sourcecode.swift; path = clayground_iosTests.swift; sourceTree = "<group>"; };
		3D0A1B8325FE32BE00B4A2FE /* Info.plist */ = {isa = PBXFileReference; lastKnownFileType = text.plist.xml; path = Info.plist; sourceTree = "<group>"; };
		3D0A1B8825FE32BF00B4A2FE /* clayground-iosUITests.xctest */ = {isa = PBXFileReference; explicitFileType = wrapper.cfbundle; includeInIndex = 0; path = "clayground-iosUITests.xctest"; sourceTree = BUILT_PRODUCTS_DIR; };
		3D0A1B8C25FE32BF00B4A2FE /* clayground_iosUITests.swift */ = {isa = PBXFileReference; lastKnownFileType = sourcecode.swift; path = clayground_iosUITests.swift; sourceTree = "<group>"; };
		3D0A1B8E25FE32BF00B4A2FE /* Info.plist */ = {isa = PBXFileReference; lastKnownFileType = text.plist.xml; path = Info.plist; sourceTree = "<group>"; };
		3DB1B90D26052C1D009B5DAB /* MovieDetailView.swift */ = {isa = PBXFileReference; lastKnownFileType = sourcecode.swift; path = MovieDetailView.swift; sourceTree = "<group>"; };
		3DB46FA726067FBD000F6240 /* LoaderView.swift */ = {isa = PBXFileReference; lastKnownFileType = sourcecode.swift; path = LoaderView.swift; sourceTree = "<group>"; };
		4A77B448838AE4DE5A68D9C9 /* Pods_clayground_ios.framework */ = {isa = PBXFileReference; explicitFileType = wrapper.framework; includeInIndex = 0; path = Pods_clayground_ios.framework; sourceTree = BUILT_PRODUCTS_DIR; };
		5A8E0698C9459FB2D1AAA304 /* Pods-clayground-ios-clayground-iosUITests.debug.xcconfig */ = {isa = PBXFileReference; includeInIndex = 1; lastKnownFileType = text.xcconfig; name = "Pods-clayground-ios-clayground-iosUITests.debug.xcconfig"; path = "Target Support Files/Pods-clayground-ios-clayground-iosUITests/Pods-clayground-ios-clayground-iosUITests.debug.xcconfig"; sourceTree = "<group>"; };
		92C9BFF557F443E28D54DE35 /* Pods-clayground-iosTests.debug.xcconfig */ = {isa = PBXFileReference; includeInIndex = 1; lastKnownFileType = text.xcconfig; name = "Pods-clayground-iosTests.debug.xcconfig"; path = "Target Support Files/Pods-clayground-iosTests/Pods-clayground-iosTests.debug.xcconfig"; sourceTree = "<group>"; };
		A793E4182CBE6568EA8AD70E /* Pods-clayground-ios.debug.xcconfig */ = {isa = PBXFileReference; includeInIndex = 1; lastKnownFileType = text.xcconfig; name = "Pods-clayground-ios.debug.xcconfig"; path = "Target Support Files/Pods-clayground-ios/Pods-clayground-ios.debug.xcconfig"; sourceTree = "<group>"; };
		B9BC718C070A0B253219463D /* Pods-clayground-iosTests.release.xcconfig */ = {isa = PBXFileReference; includeInIndex = 1; lastKnownFileType = text.xcconfig; name = "Pods-clayground-iosTests.release.xcconfig"; path = "Target Support Files/Pods-clayground-iosTests/Pods-clayground-iosTests.release.xcconfig"; sourceTree = "<group>"; };
		E72EFAD5A3953C443971FBC5 /* Pods_clayground_ios_clayground_iosUITests.framework */ = {isa = PBXFileReference; explicitFileType = wrapper.framework; includeInIndex = 0; path = Pods_clayground_ios_clayground_iosUITests.framework; sourceTree = BUILT_PRODUCTS_DIR; };
		EB1B8BBDC2791526D07A2303 /* Pods-clayground-ios-clayground-iosUITests.release.xcconfig */ = {isa = PBXFileReference; includeInIndex = 1; lastKnownFileType = text.xcconfig; name = "Pods-clayground-ios-clayground-iosUITests.release.xcconfig"; path = "Target Support Files/Pods-clayground-ios-clayground-iosUITests/Pods-clayground-ios-clayground-iosUITests.release.xcconfig"; sourceTree = "<group>"; };
		F924376E9BDEBDEA8455487A /* Pods-clayground-ios.release.xcconfig */ = {isa = PBXFileReference; includeInIndex = 1; lastKnownFileType = text.xcconfig; name = "Pods-clayground-ios.release.xcconfig"; path = "Target Support Files/Pods-clayground-ios/Pods-clayground-ios.release.xcconfig"; sourceTree = "<group>"; };
/* End PBXFileReference section */

/* Begin PBXFrameworksBuildPhase section */
		3D0A1B6925FE32BD00B4A2FE /* Frameworks */ = {
			isa = PBXFrameworksBuildPhase;
			buildActionMask = 2147483647;
			files = (
				891F504002324E7008A915E1 /* Pods_clayground_ios.framework in Frameworks */,
			);
			runOnlyForDeploymentPostprocessing = 0;
		};
		3D0A1B7A25FE32BE00B4A2FE /* Frameworks */ = {
			isa = PBXFrameworksBuildPhase;
			buildActionMask = 2147483647;
			files = (
				79EB0BB2685D0070F6C5920C /* Pods_clayground_iosTests.framework in Frameworks */,
			);
			runOnlyForDeploymentPostprocessing = 0;
		};
		3D0A1B8525FE32BF00B4A2FE /* Frameworks */ = {
			isa = PBXFrameworksBuildPhase;
			buildActionMask = 2147483647;
			files = (
				C95A1EC7B9192745C4113C56 /* Pods_clayground_ios_clayground_iosUITests.framework in Frameworks */,
			);
			runOnlyForDeploymentPostprocessing = 0;
		};
/* End PBXFrameworksBuildPhase section */

/* Begin PBXGroup section */
		1CD7B55DA633778277FA8907 /* Frameworks */ = {
			isa = PBXGroup;
			children = (
				4A77B448838AE4DE5A68D9C9 /* Pods_clayground_ios.framework */,
				E72EFAD5A3953C443971FBC5 /* Pods_clayground_ios_clayground_iosUITests.framework */,
				35C02270D5198EB6DD946335 /* Pods_clayground_iosTests.framework */,
			);
			name = Frameworks;
			sourceTree = "<group>";
		};
		3D0A1B6325FE32BD00B4A2FE = {
			isa = PBXGroup;
			children = (
				3D0A1B6E25FE32BD00B4A2FE /* clayground-ios */,
				3D0A1B8025FE32BE00B4A2FE /* clayground-iosTests */,
				3D0A1B8B25FE32BF00B4A2FE /* clayground-iosUITests */,
				3D0A1B6D25FE32BD00B4A2FE /* Products */,
				6F0369961C4C6BB56C2F95B3 /* Pods */,
				1CD7B55DA633778277FA8907 /* Frameworks */,
			);
			sourceTree = "<group>";
		};
		3D0A1B6D25FE32BD00B4A2FE /* Products */ = {
			isa = PBXGroup;
			children = (
				3D0A1B6C25FE32BD00B4A2FE /* clayground-ios.app */,
				3D0A1B7D25FE32BE00B4A2FE /* clayground-iosTests.xctest */,
				3D0A1B8825FE32BF00B4A2FE /* clayground-iosUITests.xctest */,
			);
			name = Products;
			sourceTree = "<group>";
		};
		3D0A1B6E25FE32BD00B4A2FE /* clayground-ios */ = {
			isa = PBXGroup;
			children = (
				3D0A1B6F25FE32BD00B4A2FE /* clayground_iosApp.swift */,
				3DB1B90D26052C1D009B5DAB /* MovieDetailView.swift */,
				3DB46FA726067FBD000F6240 /* LoaderView.swift */,
				3D0A1B7325FE32BE00B4A2FE /* Assets.xcassets */,
				3D0A1B7825FE32BE00B4A2FE /* Info.plist */,
				3D0A1B7525FE32BE00B4A2FE /* Preview Content */,
			);
			path = "clayground-ios";
			sourceTree = "<group>";
		};
		3D0A1B7525FE32BE00B4A2FE /* Preview Content */ = {
			isa = PBXGroup;
			children = (
				3D0A1B7625FE32BE00B4A2FE /* Preview Assets.xcassets */,
			);
			path = "Preview Content";
			sourceTree = "<group>";
		};
		3D0A1B8025FE32BE00B4A2FE /* clayground-iosTests */ = {
			isa = PBXGroup;
			children = (
				3D0A1B8125FE32BE00B4A2FE /* clayground_iosTests.swift */,
				3D0A1B8325FE32BE00B4A2FE /* Info.plist */,
			);
			path = "clayground-iosTests";
			sourceTree = "<group>";
		};
		3D0A1B8B25FE32BF00B4A2FE /* clayground-iosUITests */ = {
			isa = PBXGroup;
			children = (
				3D0A1B8C25FE32BF00B4A2FE /* clayground_iosUITests.swift */,
				3D0A1B8E25FE32BF00B4A2FE /* Info.plist */,
			);
			path = "clayground-iosUITests";
			sourceTree = "<group>";
		};
		6F0369961C4C6BB56C2F95B3 /* Pods */ = {
			isa = PBXGroup;
			children = (
				A793E4182CBE6568EA8AD70E /* Pods-clayground-ios.debug.xcconfig */,
				F924376E9BDEBDEA8455487A /* Pods-clayground-ios.release.xcconfig */,
				5A8E0698C9459FB2D1AAA304 /* Pods-clayground-ios-clayground-iosUITests.debug.xcconfig */,
				EB1B8BBDC2791526D07A2303 /* Pods-clayground-ios-clayground-iosUITests.release.xcconfig */,
				92C9BFF557F443E28D54DE35 /* Pods-clayground-iosTests.debug.xcconfig */,
				B9BC718C070A0B253219463D /* Pods-clayground-iosTests.release.xcconfig */,
			);
			path = Pods;
			sourceTree = "<group>";
		};
/* End PBXGroup section */

/* Begin PBXNativeTarget section */
		3D0A1B6B25FE32BD00B4A2FE /* clayground-ios */ = {
			isa = PBXNativeTarget;
			buildConfigurationList = 3D0A1B9125FE32BF00B4A2FE /* Build configuration list for PBXNativeTarget "clayground-ios" */;
			buildPhases = (
				9ABDB9827797E58F86CFCC30 /* [CP] Check Pods Manifest.lock */,
				3D0A1B6825FE32BD00B4A2FE /* Sources */,
				3D0A1B6925FE32BD00B4A2FE /* Frameworks */,
				3D0A1B6A25FE32BD00B4A2FE /* Resources */,
				D4D5200FADAC5D6FBFA21DD6 /* [CP] Embed Pods Frameworks */,
			);
			buildRules = (
			);
			dependencies = (
			);
			name = "clayground-ios";
			productName = "clayground-ios";
			productReference = 3D0A1B6C25FE32BD00B4A2FE /* clayground-ios.app */;
			productType = "com.apple.product-type.application";
		};
		3D0A1B7C25FE32BE00B4A2FE /* clayground-iosTests */ = {
			isa = PBXNativeTarget;
			buildConfigurationList = 3D0A1B9425FE32BF00B4A2FE /* Build configuration list for PBXNativeTarget "clayground-iosTests" */;
			buildPhases = (
				E03D265B161BA530AF54DB15 /* [CP] Check Pods Manifest.lock */,
				3D0A1B7925FE32BE00B4A2FE /* Sources */,
				3D0A1B7A25FE32BE00B4A2FE /* Frameworks */,
				3D0A1B7B25FE32BE00B4A2FE /* Resources */,
			);
			buildRules = (
			);
			dependencies = (
				3D0A1B7F25FE32BE00B4A2FE /* PBXTargetDependency */,
			);
			name = "clayground-iosTests";
			productName = "clayground-iosTests";
			productReference = 3D0A1B7D25FE32BE00B4A2FE /* clayground-iosTests.xctest */;
			productType = "com.apple.product-type.bundle.unit-test";
		};
		3D0A1B8725FE32BF00B4A2FE /* clayground-iosUITests */ = {
			isa = PBXNativeTarget;
			buildConfigurationList = 3D0A1B9725FE32BF00B4A2FE /* Build configuration list for PBXNativeTarget "clayground-iosUITests" */;
			buildPhases = (
				839FD4FEDE9D52FCBDF21F09 /* [CP] Check Pods Manifest.lock */,
				3D0A1B8425FE32BF00B4A2FE /* Sources */,
				3D0A1B8525FE32BF00B4A2FE /* Frameworks */,
				3D0A1B8625FE32BF00B4A2FE /* Resources */,
				ABA0357543328146754A4814 /* [CP] Embed Pods Frameworks */,
			);
			buildRules = (
			);
			dependencies = (
				3D0A1B8A25FE32BF00B4A2FE /* PBXTargetDependency */,
			);
			name = "clayground-iosUITests";
			productName = "clayground-iosUITests";
			productReference = 3D0A1B8825FE32BF00B4A2FE /* clayground-iosUITests.xctest */;
			productType = "com.apple.product-type.bundle.ui-testing";
		};
/* End PBXNativeTarget section */

/* Begin PBXProject section */
		3D0A1B6425FE32BD00B4A2FE /* Project object */ = {
			isa = PBXProject;
			attributes = {
				LastSwiftUpdateCheck = 1220;
				LastUpgradeCheck = 1220;
				TargetAttributes = {
					3D0A1B6B25FE32BD00B4A2FE = {
						CreatedOnToolsVersion = 12.2;
					};
					3D0A1B7C25FE32BE00B4A2FE = {
						CreatedOnToolsVersion = 12.2;
						TestTargetID = 3D0A1B6B25FE32BD00B4A2FE;
					};
					3D0A1B8725FE32BF00B4A2FE = {
						CreatedOnToolsVersion = 12.2;
						TestTargetID = 3D0A1B6B25FE32BD00B4A2FE;
					};
				};
			};
			buildConfigurationList = 3D0A1B6725FE32BD00B4A2FE /* Build configuration list for PBXProject "clayground-ios" */;
			compatibilityVersion = "Xcode 9.3";
			developmentRegion = en;
			hasScannedForEncodings = 0;
			knownRegions = (
				en,
				Base,
			);
			mainGroup = 3D0A1B6325FE32BD00B4A2FE;
			productRefGroup = 3D0A1B6D25FE32BD00B4A2FE /* Products */;
			projectDirPath = "";
			projectRoot = "";
			targets = (
				3D0A1B6B25FE32BD00B4A2FE /* clayground-ios */,
				3D0A1B7C25FE32BE00B4A2FE /* clayground-iosTests */,
				3D0A1B8725FE32BF00B4A2FE /* clayground-iosUITests */,
			);
		};
/* End PBXProject section */

/* Begin PBXResourcesBuildPhase section */
		3D0A1B6A25FE32BD00B4A2FE /* Resources */ = {
			isa = PBXResourcesBuildPhase;
			buildActionMask = 2147483647;
			files = (
				3D0A1B7725FE32BE00B4A2FE /* Preview Assets.xcassets in Resources */,
				3D0A1B7425FE32BE00B4A2FE /* Assets.xcassets in Resources */,
			);
			runOnlyForDeploymentPostprocessing = 0;
		};
		3D0A1B7B25FE32BE00B4A2FE /* Resources */ = {
			isa = PBXResourcesBuildPhase;
			buildActionMask = 2147483647;
			files = (
			);
			runOnlyForDeploymentPostprocessing = 0;
		};
		3D0A1B8625FE32BF00B4A2FE /* Resources */ = {
			isa = PBXResourcesBuildPhase;
			buildActionMask = 2147483647;
			files = (
			);
			runOnlyForDeploymentPostprocessing = 0;
		};
/* End PBXResourcesBuildPhase section */

/* Begin PBXShellScriptBuildPhase section */
		839FD4FEDE9D52FCBDF21F09 /* [CP] Check Pods Manifest.lock */ = {
			isa = PBXShellScriptBuildPhase;
			buildActionMask = 2147483647;
			files = (
			);
			inputFileListPaths = (
			);
			inputPaths = (
				"${PODS_PODFILE_DIR_PATH}/Podfile.lock",
				"${PODS_ROOT}/Manifest.lock",
			);
			name = "[CP] Check Pods Manifest.lock";
			outputFileListPaths = (
			);
			outputPaths = (
				"$(DERIVED_FILE_DIR)/Pods-clayground-ios-clayground-iosUITests-checkManifestLockResult.txt",
			);
			runOnlyForDeploymentPostprocessing = 0;
			shellPath = /bin/sh;
			shellScript = "diff \"${PODS_PODFILE_DIR_PATH}/Podfile.lock\" \"${PODS_ROOT}/Manifest.lock\" > /dev/null\nif [ $? != 0 ] ; then\n    # print error to STDERR\n    echo \"error: The sandbox is not in sync with the Podfile.lock. Run 'pod install' or update your CocoaPods installation.\" >&2\n    exit 1\nfi\n# This output is used by Xcode 'outputs' to avoid re-running this script phase.\necho \"SUCCESS\" > \"${SCRIPT_OUTPUT_FILE_0}\"\n";
			showEnvVarsInLog = 0;
		};
		9ABDB9827797E58F86CFCC30 /* [CP] Check Pods Manifest.lock */ = {
			isa = PBXShellScriptBuildPhase;
			buildActionMask = 2147483647;
			files = (
			);
			inputFileListPaths = (
			);
			inputPaths = (
				"${PODS_PODFILE_DIR_PATH}/Podfile.lock",
				"${PODS_ROOT}/Manifest.lock",
			);
			name = "[CP] Check Pods Manifest.lock";
			outputFileListPaths = (
			);
			outputPaths = (
				"$(DERIVED_FILE_DIR)/Pods-clayground-ios-checkManifestLockResult.txt",
			);
			runOnlyForDeploymentPostprocessing = 0;
			shellPath = /bin/sh;
			shellScript = "diff \"${PODS_PODFILE_DIR_PATH}/Podfile.lock\" \"${PODS_ROOT}/Manifest.lock\" > /dev/null\nif [ $? != 0 ] ; then\n    # print error to STDERR\n    echo \"error: The sandbox is not in sync with the Podfile.lock. Run 'pod install' or update your CocoaPods installation.\" >&2\n    exit 1\nfi\n# This output is used by Xcode 'outputs' to avoid re-running this script phase.\necho \"SUCCESS\" > \"${SCRIPT_OUTPUT_FILE_0}\"\n";
			showEnvVarsInLog = 0;
		};
		ABA0357543328146754A4814 /* [CP] Embed Pods Frameworks */ = {
			isa = PBXShellScriptBuildPhase;
			buildActionMask = 2147483647;
			files = (
			);
			inputFileListPaths = (
				"${PODS_ROOT}/Target Support Files/Pods-clayground-ios-clayground-iosUITests/Pods-clayground-ios-clayground-iosUITests-frameworks-${CONFIGURATION}-input-files.xcfilelist",
			);
			name = "[CP] Embed Pods Frameworks";
			outputFileListPaths = (
				"${PODS_ROOT}/Target Support Files/Pods-clayground-ios-clayground-iosUITests/Pods-clayground-ios-clayground-iosUITests-frameworks-${CONFIGURATION}-output-files.xcfilelist",
			);
			runOnlyForDeploymentPostprocessing = 0;
			shellPath = /bin/sh;
			shellScript = "\"${PODS_ROOT}/Target Support Files/Pods-clayground-ios-clayground-iosUITests/Pods-clayground-ios-clayground-iosUITests-frameworks.sh\"\n";
			showEnvVarsInLog = 0;
		};
		D4D5200FADAC5D6FBFA21DD6 /* [CP] Embed Pods Frameworks */ = {
			isa = PBXShellScriptBuildPhase;
			buildActionMask = 2147483647;
			files = (
			);
			inputFileListPaths = (
				"${PODS_ROOT}/Target Support Files/Pods-clayground-ios/Pods-clayground-ios-frameworks-${CONFIGURATION}-input-files.xcfilelist",
			);
			name = "[CP] Embed Pods Frameworks";
			outputFileListPaths = (
				"${PODS_ROOT}/Target Support Files/Pods-clayground-ios/Pods-clayground-ios-frameworks-${CONFIGURATION}-output-files.xcfilelist",
			);
			runOnlyForDeploymentPostprocessing = 0;
			shellPath = /bin/sh;
			shellScript = "\"${PODS_ROOT}/Target Support Files/Pods-clayground-ios/Pods-clayground-ios-frameworks.sh\"\n";
			showEnvVarsInLog = 0;
		};
		E03D265B161BA530AF54DB15 /* [CP] Check Pods Manifest.lock */ = {
			isa = PBXShellScriptBuildPhase;
			buildActionMask = 2147483647;
			files = (
			);
			inputFileListPaths = (
			);
			inputPaths = (
				"${PODS_PODFILE_DIR_PATH}/Podfile.lock",
				"${PODS_ROOT}/Manifest.lock",
			);
			name = "[CP] Check Pods Manifest.lock";
			outputFileListPaths = (
			);
			outputPaths = (
				"$(DERIVED_FILE_DIR)/Pods-clayground-iosTests-checkManifestLockResult.txt",
			);
			runOnlyForDeploymentPostprocessing = 0;
			shellPath = /bin/sh;
			shellScript = "diff \"${PODS_PODFILE_DIR_PATH}/Podfile.lock\" \"${PODS_ROOT}/Manifest.lock\" > /dev/null\nif [ $? != 0 ] ; then\n    # print error to STDERR\n    echo \"error: The sandbox is not in sync with the Podfile.lock. Run 'pod install' or update your CocoaPods installation.\" >&2\n    exit 1\nfi\n# This output is used by Xcode 'outputs' to avoid re-running this script phase.\necho \"SUCCESS\" > \"${SCRIPT_OUTPUT_FILE_0}\"\n";
			showEnvVarsInLog = 0;
		};
/* End PBXShellScriptBuildPhase section */

/* Begin PBXSourcesBuildPhase section */
		3D0A1B6825FE32BD00B4A2FE /* Sources */ = {
			isa = PBXSourcesBuildPhase;
			buildActionMask = 2147483647;
			files = (
				3DB1B90E26052C1D009B5DAB /* MovieDetailView.swift in Sources */,
				3D0A1B7025FE32BD00B4A2FE /* clayground_iosApp.swift in Sources */,
				3DB46FA826067FBD000F6240 /* LoaderView.swift in Sources */,
			);
			runOnlyForDeploymentPostprocessing = 0;
		};
		3D0A1B7925FE32BE00B4A2FE /* Sources */ = {
			isa = PBXSourcesBuildPhase;
			buildActionMask = 2147483647;
			files = (
				3D0A1B8225FE32BE00B4A2FE /* clayground_iosTests.swift in Sources */,
			);
			runOnlyForDeploymentPostprocessing = 0;
		};
		3D0A1B8425FE32BF00B4A2FE /* Sources */ = {
			isa = PBXSourcesBuildPhase;
			buildActionMask = 2147483647;
			files = (
				3D0A1B8D25FE32BF00B4A2FE /* clayground_iosUITests.swift in Sources */,
			);
			runOnlyForDeploymentPostprocessing = 0;
		};
/* End PBXSourcesBuildPhase section */

/* Begin PBXTargetDependency section */
		3D0A1B7F25FE32BE00B4A2FE /* PBXTargetDependency */ = {
			isa = PBXTargetDependency;
			target = 3D0A1B6B25FE32BD00B4A2FE /* clayground-ios */;
			targetProxy = 3D0A1B7E25FE32BE00B4A2FE /* PBXContainerItemProxy */;
		};
		3D0A1B8A25FE32BF00B4A2FE /* PBXTargetDependency */ = {
			isa = PBXTargetDependency;
			target = 3D0A1B6B25FE32BD00B4A2FE /* clayground-ios */;
			targetProxy = 3D0A1B8925FE32BF00B4A2FE /* PBXContainerItemProxy */;
		};
/* End PBXTargetDependency section */

/* Begin XCBuildConfiguration section */
		3D0A1B8F25FE32BF00B4A2FE /* Debug */ = {
			isa = XCBuildConfiguration;
			buildSettings = {
				ALWAYS_SEARCH_USER_PATHS = NO;
				CLANG_ANALYZER_NONNULL = YES;
				CLANG_ANALYZER_NUMBER_OBJECT_CONVERSION = YES_AGGRESSIVE;
				CLANG_CXX_LANGUAGE_STANDARD = "gnu++14";
				CLANG_CXX_LIBRARY = "libc++";
				CLANG_ENABLE_MODULES = YES;
				CLANG_ENABLE_OBJC_ARC = YES;
				CLANG_ENABLE_OBJC_WEAK = YES;
				CLANG_WARN_BLOCK_CAPTURE_AUTORELEASING = YES;
				CLANG_WARN_BOOL_CONVERSION = YES;
				CLANG_WARN_COMMA = YES;
				CLANG_WARN_CONSTANT_CONVERSION = YES;
				CLANG_WARN_DEPRECATED_OBJC_IMPLEMENTATIONS = YES;
				CLANG_WARN_DIRECT_OBJC_ISA_USAGE = YES_ERROR;
				CLANG_WARN_DOCUMENTATION_COMMENTS = YES;
				CLANG_WARN_EMPTY_BODY = YES;
				CLANG_WARN_ENUM_CONVERSION = YES;
				CLANG_WARN_INFINITE_RECURSION = YES;
				CLANG_WARN_INT_CONVERSION = YES;
				CLANG_WARN_NON_LITERAL_NULL_CONVERSION = YES;
				CLANG_WARN_OBJC_IMPLICIT_RETAIN_SELF = YES;
				CLANG_WARN_OBJC_LITERAL_CONVERSION = YES;
				CLANG_WARN_OBJC_ROOT_CLASS = YES_ERROR;
				CLANG_WARN_QUOTED_INCLUDE_IN_FRAMEWORK_HEADER = YES;
				CLANG_WARN_RANGE_LOOP_ANALYSIS = YES;
				CLANG_WARN_STRICT_PROTOTYPES = YES;
				CLANG_WARN_SUSPICIOUS_MOVE = YES;
				CLANG_WARN_UNGUARDED_AVAILABILITY = YES_AGGRESSIVE;
				CLANG_WARN_UNREACHABLE_CODE = YES;
				CLANG_WARN__DUPLICATE_METHOD_MATCH = YES;
				COPY_PHASE_STRIP = NO;
				DEBUG_INFORMATION_FORMAT = dwarf;
				ENABLE_STRICT_OBJC_MSGSEND = YES;
				ENABLE_TESTABILITY = YES;
				GCC_C_LANGUAGE_STANDARD = gnu11;
				GCC_DYNAMIC_NO_PIC = NO;
				GCC_NO_COMMON_BLOCKS = YES;
				GCC_OPTIMIZATION_LEVEL = 0;
				GCC_PREPROCESSOR_DEFINITIONS = (
					"DEBUG=1",
					"$(inherited)",
				);
				GCC_WARN_64_TO_32_BIT_CONVERSION = YES;
				GCC_WARN_ABOUT_RETURN_TYPE = YES_ERROR;
				GCC_WARN_UNDECLARED_SELECTOR = YES;
				GCC_WARN_UNINITIALIZED_AUTOS = YES_AGGRESSIVE;
				GCC_WARN_UNUSED_FUNCTION = YES;
				GCC_WARN_UNUSED_VARIABLE = YES;
				IPHONEOS_DEPLOYMENT_TARGET = 14.2;
				MTL_ENABLE_DEBUG_INFO = INCLUDE_SOURCE;
				MTL_FAST_MATH = YES;
				ONLY_ACTIVE_ARCH = YES;
				SDKROOT = iphoneos;
				SWIFT_ACTIVE_COMPILATION_CONDITIONS = DEBUG;
				SWIFT_OPTIMIZATION_LEVEL = "-Onone";
			};
			name = Debug;
		};
		3D0A1B9025FE32BF00B4A2FE /* Release */ = {
			isa = XCBuildConfiguration;
			buildSettings = {
				ALWAYS_SEARCH_USER_PATHS = NO;
				CLANG_ANALYZER_NONNULL = YES;
				CLANG_ANALYZER_NUMBER_OBJECT_CONVERSION = YES_AGGRESSIVE;
				CLANG_CXX_LANGUAGE_STANDARD = "gnu++14";
				CLANG_CXX_LIBRARY = "libc++";
				CLANG_ENABLE_MODULES = YES;
				CLANG_ENABLE_OBJC_ARC = YES;
				CLANG_ENABLE_OBJC_WEAK = YES;
				CLANG_WARN_BLOCK_CAPTURE_AUTORELEASING = YES;
				CLANG_WARN_BOOL_CONVERSION = YES;
				CLANG_WARN_COMMA = YES;
				CLANG_WARN_CONSTANT_CONVERSION = YES;
				CLANG_WARN_DEPRECATED_OBJC_IMPLEMENTATIONS = YES;
				CLANG_WARN_DIRECT_OBJC_ISA_USAGE = YES_ERROR;
				CLANG_WARN_DOCUMENTATION_COMMENTS = YES;
				CLANG_WARN_EMPTY_BODY = YES;
				CLANG_WARN_ENUM_CONVERSION = YES;
				CLANG_WARN_INFINITE_RECURSION = YES;
				CLANG_WARN_INT_CONVERSION = YES;
				CLANG_WARN_NON_LITERAL_NULL_CONVERSION = YES;
				CLANG_WARN_OBJC_IMPLICIT_RETAIN_SELF = YES;
				CLANG_WARN_OBJC_LITERAL_CONVERSION = YES;
				CLANG_WARN_OBJC_ROOT_CLASS = YES_ERROR;
				CLANG_WARN_QUOTED_INCLUDE_IN_FRAMEWORK_HEADER = YES;
				CLANG_WARN_RANGE_LOOP_ANALYSIS = YES;
				CLANG_WARN_STRICT_PROTOTYPES = YES;
				CLANG_WARN_SUSPICIOUS_MOVE = YES;
				CLANG_WARN_UNGUARDED_AVAILABILITY = YES_AGGRESSIVE;
				CLANG_WARN_UNREACHABLE_CODE = YES;
				CLANG_WARN__DUPLICATE_METHOD_MATCH = YES;
				COPY_PHASE_STRIP = NO;
				DEBUG_INFORMATION_FORMAT = "dwarf-with-dsym";
				ENABLE_NS_ASSERTIONS = NO;
				ENABLE_STRICT_OBJC_MSGSEND = YES;
				GCC_C_LANGUAGE_STANDARD = gnu11;
				GCC_NO_COMMON_BLOCKS = YES;
				GCC_WARN_64_TO_32_BIT_CONVERSION = YES;
				GCC_WARN_ABOUT_RETURN_TYPE = YES_ERROR;
				GCC_WARN_UNDECLARED_SELECTOR = YES;
				GCC_WARN_UNINITIALIZED_AUTOS = YES_AGGRESSIVE;
				GCC_WARN_UNUSED_FUNCTION = YES;
				GCC_WARN_UNUSED_VARIABLE = YES;
				IPHONEOS_DEPLOYMENT_TARGET = 14.2;
				MTL_ENABLE_DEBUG_INFO = NO;
				MTL_FAST_MATH = YES;
				SDKROOT = iphoneos;
				SWIFT_COMPILATION_MODE = wholemodule;
				SWIFT_OPTIMIZATION_LEVEL = "-O";
				VALIDATE_PRODUCT = YES;
			};
			name = Release;
		};
		3D0A1B9225FE32BF00B4A2FE /* Debug */ = {
			isa = XCBuildConfiguration;
			baseConfigurationReference = A793E4182CBE6568EA8AD70E /* Pods-clayground-ios.debug.xcconfig */;
			buildSettings = {
				ASSETCATALOG_COMPILER_APPICON_NAME = AppIcon;
				ASSETCATALOG_COMPILER_GLOBAL_ACCENT_COLOR_NAME = AccentColor;
				CODE_SIGN_STYLE = Automatic;
				DEVELOPMENT_ASSET_PATHS = "\"clayground-ios/Preview Content\"";
				DEVELOPMENT_TEAM = G436LJ5F52;
				ENABLE_PREVIEWS = YES;
				INFOPLIST_FILE = "clayground-ios/Info.plist";
				IPHONEOS_DEPLOYMENT_TARGET = 14.0;
				LD_RUNPATH_SEARCH_PATHS = (
					"$(inherited)",
					"@executable_path/Frameworks",
				);
				PRODUCT_BUNDLE_IDENTIFIER = "com.ritesh.clayground-ios";
				PRODUCT_NAME = "$(TARGET_NAME)";
				SWIFT_VERSION = 5.0;
				TARGETED_DEVICE_FAMILY = "1,2";
			};
			name = Debug;
		};
		3D0A1B9325FE32BF00B4A2FE /* Release */ = {
			isa = XCBuildConfiguration;
			baseConfigurationReference = F924376E9BDEBDEA8455487A /* Pods-clayground-ios.release.xcconfig */;
			buildSettings = {
				ASSETCATALOG_COMPILER_APPICON_NAME = AppIcon;
				ASSETCATALOG_COMPILER_GLOBAL_ACCENT_COLOR_NAME = AccentColor;
				CODE_SIGN_STYLE = Automatic;
				DEVELOPMENT_ASSET_PATHS = "\"clayground-ios/Preview Content\"";
				DEVELOPMENT_TEAM = G436LJ5F52;
				ENABLE_PREVIEWS = YES;
				INFOPLIST_FILE = "clayground-ios/Info.plist";
				IPHONEOS_DEPLOYMENT_TARGET = 14.0;
				LD_RUNPATH_SEARCH_PATHS = (
					"$(inherited)",
					"@executable_path/Frameworks",
				);
				PRODUCT_BUNDLE_IDENTIFIER = "com.ritesh.clayground-ios";
				PRODUCT_NAME = "$(TARGET_NAME)";
				SWIFT_VERSION = 5.0;
				TARGETED_DEVICE_FAMILY = "1,2";
			};
			name = Release;
		};
		3D0A1B9525FE32BF00B4A2FE /* Debug */ = {
			isa = XCBuildConfiguration;
			baseConfigurationReference = 92C9BFF557F443E28D54DE35 /* Pods-clayground-iosTests.debug.xcconfig */;
			buildSettings = {
				ALWAYS_EMBED_SWIFT_STANDARD_LIBRARIES = YES;
				BUNDLE_LOADER = "$(TEST_HOST)";
				CODE_SIGN_STYLE = Automatic;
				DEVELOPMENT_TEAM = G436LJ5F52;
				INFOPLIST_FILE = "clayground-iosTests/Info.plist";
				IPHONEOS_DEPLOYMENT_TARGET = 14.0;
				LD_RUNPATH_SEARCH_PATHS = (
					"$(inherited)",
					"@executable_path/Frameworks",
					"@loader_path/Frameworks",
				);
				PRODUCT_BUNDLE_IDENTIFIER = "com.ritesh.clayground-iosTests";
				PRODUCT_NAME = "$(TARGET_NAME)";
				SWIFT_VERSION = 5.0;
				TARGETED_DEVICE_FAMILY = "1,2";
				TEST_HOST = "$(BUILT_PRODUCTS_DIR)/clayground-ios.app/clayground-ios";
			};
			name = Debug;
		};
		3D0A1B9625FE32BF00B4A2FE /* Release */ = {
			isa = XCBuildConfiguration;
			baseConfigurationReference = B9BC718C070A0B253219463D /* Pods-clayground-iosTests.release.xcconfig */;
			buildSettings = {
				ALWAYS_EMBED_SWIFT_STANDARD_LIBRARIES = YES;
				BUNDLE_LOADER = "$(TEST_HOST)";
				CODE_SIGN_STYLE = Automatic;
				DEVELOPMENT_TEAM = G436LJ5F52;
				INFOPLIST_FILE = "clayground-iosTests/Info.plist";
				IPHONEOS_DEPLOYMENT_TARGET = 14.0;
				LD_RUNPATH_SEARCH_PATHS = (
					"$(inherited)",
					"@executable_path/Frameworks",
					"@loader_path/Frameworks",
				);
				PRODUCT_BUNDLE_IDENTIFIER = "com.ritesh.clayground-iosTests";
				PRODUCT_NAME = "$(TARGET_NAME)";
				SWIFT_VERSION = 5.0;
				TARGETED_DEVICE_FAMILY = "1,2";
				TEST_HOST = "$(BUILT_PRODUCTS_DIR)/clayground-ios.app/clayground-ios";
			};
			name = Release;
		};
		3D0A1B9825FE32BF00B4A2FE /* Debug */ = {
			isa = XCBuildConfiguration;
			baseConfigurationReference = 5A8E0698C9459FB2D1AAA304 /* Pods-clayground-ios-clayground-iosUITests.debug.xcconfig */;
			buildSettings = {
				ALWAYS_EMBED_SWIFT_STANDARD_LIBRARIES = YES;
				CODE_SIGN_STYLE = Automatic;
				DEVELOPMENT_TEAM = G436LJ5F52;
				INFOPLIST_FILE = "clayground-iosUITests/Info.plist";
				LD_RUNPATH_SEARCH_PATHS = (
					"$(inherited)",
					"@executable_path/Frameworks",
					"@loader_path/Frameworks",
				);
				PRODUCT_BUNDLE_IDENTIFIER = "com.ritesh.clayground-iosUITests";
				PRODUCT_NAME = "$(TARGET_NAME)";
				SWIFT_VERSION = 5.0;
				TARGETED_DEVICE_FAMILY = "1,2";
				TEST_TARGET_NAME = "clayground-ios";
			};
			name = Debug;
		};
		3D0A1B9925FE32BF00B4A2FE /* Release */ = {
			isa = XCBuildConfiguration;
			baseConfigurationReference = EB1B8BBDC2791526D07A2303 /* Pods-clayground-ios-clayground-iosUITests.release.xcconfig */;
			buildSettings = {
				ALWAYS_EMBED_SWIFT_STANDARD_LIBRARIES = YES;
				CODE_SIGN_STYLE = Automatic;
				DEVELOPMENT_TEAM = G436LJ5F52;
				INFOPLIST_FILE = "clayground-iosUITests/Info.plist";
				LD_RUNPATH_SEARCH_PATHS = (
					"$(inherited)",
					"@executable_path/Frameworks",
					"@loader_path/Frameworks",
				);
				PRODUCT_BUNDLE_IDENTIFIER = "com.ritesh.clayground-iosUITests";
				PRODUCT_NAME = "$(TARGET_NAME)";
				SWIFT_VERSION = 5.0;
				TARGETED_DEVICE_FAMILY = "1,2";
				TEST_TARGET_NAME = "clayground-ios";
			};
			name = Release;
		};
/* End XCBuildConfiguration section */

/* Begin XCConfigurationList section */
		3D0A1B6725FE32BD00B4A2FE /* Build configuration list for PBXProject "clayground-ios" */ = {
			isa = XCConfigurationList;
			buildConfigurations = (
				3D0A1B8F25FE32BF00B4A2FE /* Debug */,
				3D0A1B9025FE32BF00B4A2FE /* Release */,
			);
			defaultConfigurationIsVisible = 0;
			defaultConfigurationName = Release;
		};
		3D0A1B9125FE32BF00B4A2FE /* Build configuration list for PBXNativeTarget "clayground-ios" */ = {
			isa = XCConfigurationList;
			buildConfigurations = (
				3D0A1B9225FE32BF00B4A2FE /* Debug */,
				3D0A1B9325FE32BF00B4A2FE /* Release */,
			);
			defaultConfigurationIsVisible = 0;
			defaultConfigurationName = Release;
		};
		3D0A1B9425FE32BF00B4A2FE /* Build configuration list for PBXNativeTarget "clayground-iosTests" */ = {
			isa = XCConfigurationList;
			buildConfigurations = (
				3D0A1B9525FE32BF00B4A2FE /* Debug */,
				3D0A1B9625FE32BF00B4A2FE /* Release */,
			);
			defaultConfigurationIsVisible = 0;
			defaultConfigurationName = Release;
		};
		3D0A1B9725FE32BF00B4A2FE /* Build configuration list for PBXNativeTarget "clayground-iosUITests" */ = {
			isa = XCConfigurationList;
			buildConfigurations = (
				3D0A1B9825FE32BF00B4A2FE /* Debug */,
				3D0A1B9925FE32BF00B4A2FE /* Release */,
			);
			defaultConfigurationIsVisible = 0;
			defaultConfigurationName = Release;
		};
/* End XCConfigurationList section */
	};
	rootObject = 3D0A1B6425FE32BD00B4A2FE /* Project object */;
}
